
Microsoft Visual Studio Solution File, Format Version 12.00
# Visual Studio Version 17
VisualStudioVersion = 17.0.31903.59
MinimumVisualStudioVersion = 10.0.40219.1
Project("{2150E333-8FDC-42A3-9474-1A3956D46DE8}") = "src", "src", "{B37F5A98-FD55-43B6-A1EE-6C1C2DCFF6C2}"
EndProject
Project("{FAE04EC0-301F-11D3-BF4B-00C04F79EFBC}") = "ContactManager.App", "src\ContactManager.App\ContactManager.App.csproj", "{5CB114B6-922D-4A83-98A9-071908125D1B}"
EndProject
Project("{2150E333-8FDC-42A3-9474-1A3956D46DE8}") = "tests", "tests", "{D06184E1-83CD-43A3-97D9-F03B6F8C7620}"
EndProject
Project("{FAE04EC0-301F-11D3-BF4B-00C04F79EFBC}") = "ContactManager.Tests", "tests\ContactManager.Tests\ContactManager.Tests.csproj", "{974539D0-3424-4D9C-ADBF-D221F02F9180}"
EndProject
Project("{FAE04EC0-301F-11D3-BF4B-00C04F79EFBC}") = "ContactManager.UI", "src\ContactManager.UI\ContactManager.UI.csproj", "{8E26A850-A8B5-43CF-9A74-D1AD84D29BDA}"
EndProject
Global
	GlobalSection(SolutionConfigurationPlatforms) = preSolution
		Debug|Any CPU = Debug|Any CPU
		Release|Any CPU = Release|Any CPU
	EndGlobalSection
	GlobalSection(SolutionProperties) = preSolution
		HideSolutionNode = FALSE
	EndGlobalSection
	GlobalSection(ProjectConfigurationPlatforms) = postSolution
		{5CB114B6-922D-4A83-98A9-071908125D1B}.Debug|Any CPU.ActiveCfg = Debug|Any CPU
		{5CB114B6-922D-4A83-98A9-071908125D1B}.Debug|Any CPU.Build.0 = Debug|Any CPU
		{5CB114B6-922D-4A83-98A9-071908125D1B}.Release|Any CPU.ActiveCfg = Release|Any CPU
		{5CB114B6-922D-4A83-98A9-071908125D1B}.Release|Any CPU.Build.0 = Release|Any CPU
		{974539D0-3424-4D9C-ADBF-D221F02F9180}.Debug|Any CPU.ActiveCfg = Debug|Any CPU
		{974539D0-3424-4D9C-ADBF-D221F02F9180}.Debug|Any CPU.Build.0 = Debug|Any CPU
		{974539D0-3424-4D9C-ADBF-D221F02F9180}.Release|Any CPU.ActiveCfg = Release|Any CPU
		{974539D0-3424-4D9C-ADBF-D221F02F9180}.Release|Any CPU.Build.0 = Release|Any CPU
		{8E26A850-A8B5-43CF-9A74-D1AD84D29BDA}.Debug|Any CPU.ActiveCfg = Debug|Any CPU
		{8E26A850-A8B5-43CF-9A74-D1AD84D29BDA}.Debug|Any CPU.Build.0 = Debug|Any CPU
		{8E26A850-A8B5-43CF-9A74-D1AD84D29BDA}.Release|Any CPU.ActiveCfg = Release|Any CPU
		{8E26A850-A8B5-43CF-9A74-D1AD84D29BDA}.Release|Any CPU.Build.0 = Release|Any CPU
	EndGlobalSection
	GlobalSection(NestedProjects) = preSolution
		{5CB114B6-922D-4A83-98A9-071908125D1B} = {B37F5A98-FD55-43B6-A1EE-6C1C2DCFF6C2}
		{974539D0-3424-4D9C-ADBF-D221F02F9180} = {D06184E1-83CD-43A3-97D9-F03B6F8C7620}
		{8E26A850-A8B5-43CF-9A74-D1AD84D29BDA} = {B37F5A98-FD55-43B6-A1EE-6C1C2DCFF6C2}
	EndGlobalSection
EndGlobal
